
Microsoft Visual Studio Solution File, Format Version 12.00
# Visual Studio Version 17
VisualStudioVersion = 17.10.35122.118
MinimumVisualStudioVersion = 10.0.40219.1
Project("{FAE04EC0-301F-11D3-BF4B-00C04F79EFBC}") = "DatabaseFirstApproach", "DatabaseFirstApproach\DatabaseFirstApproach.csproj", "{DC6BCD27-C5F5-460F-9A7C-73640A6DDEA9}"
EndProject
Global
	GlobalSection(SolutionConfigurationPlatforms) = preSolution
		Debug|Any CPU = Debug|Any CPU
		Release|Any CPU = Release|Any CPU
	EndGlobalSection
	GlobalSection(ProjectConfigurationPlatforms) = postSolution
		{DC6BCD27-C5F5-460F-9A7C-73640A6DDEA9}.Debug|Any CPU.ActiveCfg = Debug|Any CPU
		{DC6BCD27-C5F5-460F-9A7C-73640A6DDEA9}.Debug|Any CPU.Build.0 = Debug|Any CPU
		{DC6BCD27-C5F5-460F-9A7C-73640A6DDEA9}.Release|Any CPU.ActiveCfg = Release|Any CPU
		{DC6BCD27-C5F5-460F-9A7C-73640A6DDEA9}.Release|Any CPU.Build.0 = Release|Any CPU
	EndGlobalSection
	GlobalSection(SolutionProperties) = preSolution
		HideSolutionNode = FALSE
	EndGlobalSection
	GlobalSection(ExtensibilityGlobals) = postSolution
		SolutionGuid = {3B219E37-BB3E-45A2-802C-90F38790F897}
	EndGlobalSection
EndGlobal
